schema: '2.0'
stages:
  close_meshes:
    cmd: python close_meshes.py citydata/buildingnet/meshes citydata/buildingnet/meshes_closed
    deps:
    - path: citydata/buildingnet/meshes
      md5: a919a773d90dca2ac46d9244bfab82d4.dir
      size: 26451071534
      nfiles: 85744
    - path: close_meshes.py
      md5: 72cf4f4a6931d08b9517d150479d44da
      size: 1613
    outs:
    - path: citydata/buildingnet/meshes_closed
      md5: d26215aa6284e594c50757bea74eb5e7.dir
      size: 28629240824
      nfiles: 1939
